
Microsoft Visual Studio Solution File, Format Version 12.00
# Visual Studio Version 16
VisualStudioVersion = 16.0.30413.136
MinimumVisualStudioVersion = 10.0.40219.1
Project("{888888A0-9F3D-457C-B088-3A5042F75D52}") = "списки", "списки.pyproj", "{74D7D64A-DC32-4CC4-9981-12283C99C0B1}"
EndProject
Global
	GlobalSection(SolutionConfigurationPlatforms) = preSolution
		Debug|Any CPU = Debug|Any CPU
		Release|Any CPU = Release|Any CPU
	EndGlobalSection
	GlobalSection(ProjectConfigurationPlatforms) = postSolution
		{74D7D64A-DC32-4CC4-9981-12283C99C0B1}.Debug|Any CPU.ActiveCfg = Debug|Any CPU
		{74D7D64A-DC32-4CC4-9981-12283C99C0B1}.Release|Any CPU.ActiveCfg = Release|Any CPU
	EndGlobalSection
	GlobalSection(SolutionProperties) = preSolution
		HideSolutionNode = FALSE
	EndGlobalSection
	GlobalSection(ExtensibilityGlobals) = postSolution
		SolutionGuid = {B0C2F8FD-1662-4375-AA84-FE9BEC0E7AD2}
	EndGlobalSection
EndGlobal
